
Microsoft Visual Studio Solution File, Format Version 12.00
# Visual Studio 15
Project("{FAE04EC0-301F-11D3-BF4B-00C04F79EFBC}") = "Assembly-CSharp", "Assembly-CSharp.csproj", "{224BF7A4-24C0-74BE-68E2-1C88EB6F1FAE}"
EndProject
Global
	GlobalSection(SolutionConfigurationPlatforms) = preSolution
		Debug|Any CPU = Debug|Any CPU
		Release|Any CPU = Release|Any CPU
	EndGlobalSection
	GlobalSection(ProjectConfigurationPlatforms) = postSolution
		{224BF7A4-24C0-74BE-68E2-1C88EB6F1FAE}.Debug|Any CPU.ActiveCfg = Debug|Any CPU
		{224BF7A4-24C0-74BE-68E2-1C88EB6F1FAE}.Debug|Any CPU.Build.0 = Debug|Any CPU
		{224BF7A4-24C0-74BE-68E2-1C88EB6F1FAE}.Release|Any CPU.ActiveCfg = Release|Any CPU
		{224BF7A4-24C0-74BE-68E2-1C88EB6F1FAE}.Release|Any CPU.Build.0 = Release|Any CPU
	EndGlobalSection
	GlobalSection(SolutionProperties) = preSolution
		HideSolutionNode = FALSE
	EndGlobalSection
EndGlobal
